
Microsoft Visual Studio Solution File, Format Version 12.00
# Visual Studio Version 16
VisualStudioVersion = 16.0.28803.202
MinimumVisualStudioVersion = 10.0.40219.1
Project("{FAE04EC0-301F-11D3-BF4B-00C04F79EFBC}") = "ImplementatiosOfSortings", "ImplementatiosOfSortings\ImplementatiosOfSortings.csproj", "{FC8DD87E-31C3-4EF0-82BA-CA6583C3C96A}"
EndProject
Global
	GlobalSection(SolutionConfigurationPlatforms) = preSolution
		Debug|Any CPU = Debug|Any CPU
		Release|Any CPU = Release|Any CPU
	EndGlobalSection
	GlobalSection(ProjectConfigurationPlatforms) = postSolution
		{FC8DD87E-31C3-4EF0-82BA-CA6583C3C96A}.Debug|Any CPU.ActiveCfg = Debug|Any CPU
		{FC8DD87E-31C3-4EF0-82BA-CA6583C3C96A}.Debug|Any CPU.Build.0 = Debug|Any CPU
		{FC8DD87E-31C3-4EF0-82BA-CA6583C3C96A}.Release|Any CPU.ActiveCfg = Release|Any CPU
		{FC8DD87E-31C3-4EF0-82BA-CA6583C3C96A}.Release|Any CPU.Build.0 = Release|Any CPU
	EndGlobalSection
	GlobalSection(SolutionProperties) = preSolution
		HideSolutionNode = FALSE
	EndGlobalSection
	GlobalSection(ExtensibilityGlobals) = postSolution
		SolutionGuid = {B4836372-A5F4-46A4-8327-C967F123DFF7}
	EndGlobalSection
EndGlobal
