
Microsoft Visual Studio Solution File, Format Version 12.00
# Visual Studio Version 16
VisualStudioVersion = 16.0.28803.202
MinimumVisualStudioVersion = 10.0.40219.1
Project("{FAE04EC0-301F-11D3-BF4B-00C04F79EFBC}") = "TopologicalSort", "TopologicalSort\TopologicalSort.csproj", "{9715573A-9BAF-430D-BD1F-F69182AB5982}"
EndProject
Global
	GlobalSection(SolutionConfigurationPlatforms) = preSolution
		Debug|Any CPU = Debug|Any CPU
		Release|Any CPU = Release|Any CPU
	EndGlobalSection
	GlobalSection(ProjectConfigurationPlatforms) = postSolution
		{9715573A-9BAF-430D-BD1F-F69182AB5982}.Debug|Any CPU.ActiveCfg = Debug|Any CPU
		{9715573A-9BAF-430D-BD1F-F69182AB5982}.Debug|Any CPU.Build.0 = Debug|Any CPU
		{9715573A-9BAF-430D-BD1F-F69182AB5982}.Release|Any CPU.ActiveCfg = Release|Any CPU
		{9715573A-9BAF-430D-BD1F-F69182AB5982}.Release|Any CPU.Build.0 = Release|Any CPU
	EndGlobalSection
	GlobalSection(SolutionProperties) = preSolution
		HideSolutionNode = FALSE
	EndGlobalSection
	GlobalSection(ExtensibilityGlobals) = postSolution
		SolutionGuid = {8DBECB7D-6C4B-483F-AA4C-72B1838CAA5C}
	EndGlobalSection
EndGlobal
