
Microsoft Visual Studio Solution File, Format Version 12.00
# Visual Studio Version 16
VisualStudioVersion = 16.0.28803.202
MinimumVisualStudioVersion = 10.0.40219.1
Project("{FAE04EC0-301F-11D3-BF4B-00C04F79EFBC}") = "Graph", "Graph\Graph.csproj", "{3D4D57CB-3A31-42AB-8427-2EC4EF97AD4D}"
EndProject
Global
	GlobalSection(SolutionConfigurationPlatforms) = preSolution
		Debug|Any CPU = Debug|Any CPU
		Release|Any CPU = Release|Any CPU
	EndGlobalSection
	GlobalSection(ProjectConfigurationPlatforms) = postSolution
		{3D4D57CB-3A31-42AB-8427-2EC4EF97AD4D}.Debug|Any CPU.ActiveCfg = Debug|Any CPU
		{3D4D57CB-3A31-42AB-8427-2EC4EF97AD4D}.Debug|Any CPU.Build.0 = Debug|Any CPU
		{3D4D57CB-3A31-42AB-8427-2EC4EF97AD4D}.Release|Any CPU.ActiveCfg = Release|Any CPU
		{3D4D57CB-3A31-42AB-8427-2EC4EF97AD4D}.Release|Any CPU.Build.0 = Release|Any CPU
	EndGlobalSection
	GlobalSection(SolutionProperties) = preSolution
		HideSolutionNode = FALSE
	EndGlobalSection
	GlobalSection(ExtensibilityGlobals) = postSolution
		SolutionGuid = {F4BBB53F-9835-471D-A611-133ADD6C8D86}
	EndGlobalSection
EndGlobal
