
Microsoft Visual Studio Solution File, Format Version 12.00
# Visual Studio Version 16
VisualStudioVersion = 16.0.28803.202
MinimumVisualStudioVersion = 10.0.40219.1
Project("{FAE04EC0-301F-11D3-BF4B-00C04F79EFBC}") = "Hashing", "Hashing\Hashing.csproj", "{14A8F3F5-67EB-4209-AB1C-EDDACFDE1579}"
EndProject
Global
	GlobalSection(SolutionConfigurationPlatforms) = preSolution
		Debug|Any CPU = Debug|Any CPU
		Release|Any CPU = Release|Any CPU
	EndGlobalSection
	GlobalSection(ProjectConfigurationPlatforms) = postSolution
		{14A8F3F5-67EB-4209-AB1C-EDDACFDE1579}.Debug|Any CPU.ActiveCfg = Debug|Any CPU
		{14A8F3F5-67EB-4209-AB1C-EDDACFDE1579}.Debug|Any CPU.Build.0 = Debug|Any CPU
		{14A8F3F5-67EB-4209-AB1C-EDDACFDE1579}.Release|Any CPU.ActiveCfg = Release|Any CPU
		{14A8F3F5-67EB-4209-AB1C-EDDACFDE1579}.Release|Any CPU.Build.0 = Release|Any CPU
	EndGlobalSection
	GlobalSection(SolutionProperties) = preSolution
		HideSolutionNode = FALSE
	EndGlobalSection
	GlobalSection(ExtensibilityGlobals) = postSolution
		SolutionGuid = {D4F45905-5A75-44CB-8BA0-8C3DE25AEC41}
	EndGlobalSection
EndGlobal
