
Microsoft Visual Studio Solution File, Format Version 12.00
# Visual Studio Version 16
VisualStudioVersion = 16.0.28803.202
MinimumVisualStudioVersion = 10.0.40219.1
Project("{FAE04EC0-301F-11D3-BF4B-00C04F79EFBC}") = "ShortestPathAlgorithm", "ShortestPathAlgorithm\ShortestPathAlgorithm.csproj", "{81B05063-6984-4E0D-9436-771D0DB279DC}"
EndProject
Global
	GlobalSection(SolutionConfigurationPlatforms) = preSolution
		Debug|Any CPU = Debug|Any CPU
		Release|Any CPU = Release|Any CPU
	EndGlobalSection
	GlobalSection(ProjectConfigurationPlatforms) = postSolution
		{81B05063-6984-4E0D-9436-771D0DB279DC}.Debug|Any CPU.ActiveCfg = Debug|Any CPU
		{81B05063-6984-4E0D-9436-771D0DB279DC}.Debug|Any CPU.Build.0 = Debug|Any CPU
		{81B05063-6984-4E0D-9436-771D0DB279DC}.Release|Any CPU.ActiveCfg = Release|Any CPU
		{81B05063-6984-4E0D-9436-771D0DB279DC}.Release|Any CPU.Build.0 = Release|Any CPU
	EndGlobalSection
	GlobalSection(SolutionProperties) = preSolution
		HideSolutionNode = FALSE
	EndGlobalSection
	GlobalSection(ExtensibilityGlobals) = postSolution
		SolutionGuid = {1D3A8F56-2917-4008-8F3F-DAEDB2F16229}
	EndGlobalSection
EndGlobal
